// !$*UTF8*$!
{
	archiveVersion = 1;
	classes = {
	};
	objectVersion = 46;
	objects = {

/* Begin PBXBuildFile section */
		3F7CA9FB16C9B9B300ABDE98 /* UIKit.framework in Frameworks */ = {isa = PBXBuildFile; fileRef = 3F7CA9FA16C9B9B300ABDE98 /* UIKit.framework */; };
		3F7CA9FD16C9B9B300ABDE98 /* Foundation.framework in Frameworks */ = {isa = PBXBuildFile; fileRef = 3F7CA9FC16C9B9B300ABDE98 /* Foundation.framework */; };
		3F7CA9FF16C9B9B300ABDE98 /* CoreGraphics.framework in Frameworks */ = {isa = PBXBuildFile; fileRef = 3F7CA9FE16C9B9B300ABDE98 /* CoreGraphics.framework */; };
		3F7CAA0516C9B9B300ABDE98 /* InfoPlist.strings in Resources */ = {isa = PBXBuildFile; fileRef = 3F7CAA0316C9B9B300ABDE98 /* InfoPlist.strings */; };
		3F7CAA0716C9B9B300ABDE98 /* main.m in Sources */ = {isa = PBXBuildFile; fileRef = 3F7CAA0616C9B9B300ABDE98 /* main.m */; };
		3F7CAA0B16C9B9B300ABDE98 /* Feb11TestAppDelegate.m in Sources */ = {isa = PBXBuildFile; fileRef = 3F7CAA0A16C9B9B300ABDE98 /* Feb11TestAppDelegate.m */; };
		3F7CAA0D16C9B9B300ABDE98 /* Default.png in Resources */ = {isa = PBXBuildFile; fileRef = 3F7CAA0C16C9B9B300ABDE98 /* Default.png */; };
		3F7CAA0F16C9B9B300ABDE98 /* Default@2x.png in Resources */ = {isa = PBXBuildFile; fileRef = 3F7CAA0E16C9B9B300ABDE98 /* Default@2x.png */; };
		3F7CAA1116C9B9B300ABDE98 /* Default-568h@2x.png in Resources */ = {isa = PBXBuildFile; fileRef = 3F7CAA1016C9B9B300ABDE98 /* Default-568h@2x.png */; };
		3F7CAA1416C9B9B300ABDE98 /* Feb11TestViewController.m in Sources */ = {isa = PBXBuildFile; fileRef = 3F7CAA1316C9B9B300ABDE98 /* Feb11TestViewController.m */; };
		3F7CAA1716C9B9B300ABDE98 /* Feb11TestViewController.xib in Resources */ = {isa = PBXBuildFile; fileRef = 3F7CAA1516C9B9B300ABDE98 /* Feb11TestViewController.xib */; };
/* End PBXBuildFile section */

/* Begin PBXFileReference section */
		3F7CA9F616C9B9B300ABDE98 /* Feb11Test.app */ = {isa = PBXFileReference; explicitFileType = wrapper.application; includeInIndex = 0; path = Feb11Test.app; sourceTree = BUILT_PRODUCTS_DIR; };
		3F7CA9FA16C9B9B300ABDE98 /* UIKit.framework */ = {isa = PBXFileReference; lastKnownFileType = wrapper.framework; name = UIKit.framework; path = System/Library/Frameworks/UIKit.framework; sourceTree = SDKROOT; };
		3F7CA9FC16C9B9B300ABDE98 /* Foundation.framework */ = {isa = PBXFileReference; lastKnownFileType = wrapper.framework; name = Foundation.framework; path = System/Library/Frameworks/Foundation.framework; sourceTree = SDKROOT; };
		3F7CA9FE16C9B9B300ABDE98 /* CoreGraphics.framework */ = {isa = PBXFileReference; lastKnownFileType = wrapper.framework; name = CoreGraphics.framework; path = System/Library/Frameworks/CoreGraphics.framework; sourceTree = SDKROOT; };
		3F7CAA0216C9B9B300ABDE98 /* Feb11Test-Info.plist */ = {isa = PBXFileReference; lastKnownFileType = text.plist.xml; path = "Feb11Test-Info.plist"; sourceTree = "<group>"; };
		3F7CAA0416C9B9B300ABDE98 /* en */ = {isa = PBXFileReference; lastKnownFileType = text.plist.strings; name = en; path = en.lproj/InfoPlist.strings; sourceTree = "<group>"; };
		3F7CAA0616C9B9B300ABDE98 /* main.m */ = {isa = PBXFileReference; lastKnownFileType = sourcecode.c.objc; path = main.m; sourceTree = "<group>"; };
		3F7CAA0816C9B9B300ABDE98 /* Feb11Test-Prefix.pch */ = {isa = PBXFileReference; lastKnownFileType = sourcecode.c.h; path = "Feb11Test-Prefix.pch"; sourceTree = "<group>"; };
		3F7CAA0916C9B9B300ABDE98 /* Feb11TestAppDelegate.h */ = {isa = PBXFileReference; lastKnownFileType = sourcecode.c.h; path = Feb11TestAppDelegate.h; sourceTree = "<group>"; };
		3F7CAA0A16C9B9B300ABDE98 /* Feb11TestAppDelegate.m */ = {isa = PBXFileReference; lastKnownFileType = sourcecode.c.objc; path = Feb11TestAppDelegate.m; sourceTree = "<group>"; };
		3F7CAA0C16C9B9B300ABDE98 /* Default.png */ = {isa = PBXFileReference; lastKnownFileType = image.png; path = Default.png; sourceTree = "<group>"; };
		3F7CAA0E16C9B9B300ABDE98 /* Default@2x.png */ = {isa = PBXFileReference; lastKnownFileType = image.png; path = "Default@2x.png"; sourceTree = "<group>"; };
		3F7CAA1016C9B9B300ABDE98 /* Default-568h@2x.png */ = {isa = PBXFileReference; lastKnownFileType = image.png; path = "Default-568h@2x.png"; sourceTree = "<group>"; };
		3F7CAA1216C9B9B300ABDE98 /* Feb11TestViewController.h */ = {isa = PBXFileReference; lastKnownFileType = sourcecode.c.h; path = Feb11TestViewController.h; sourceTree = "<group>"; };
		3F7CAA1316C9B9B300ABDE98 /* Feb11TestViewController.m */ = {isa = PBXFileReference; lastKnownFileType = sourcecode.c.objc; path = Feb11TestViewController.m; sourceTree = "<group>"; };
		3F7CAA1616C9B9B300ABDE98 /* en */ = {isa = PBXFileReference; lastKnownFileType = file.xib; name = en; path = en.lproj/Feb11TestViewController.xib; sourceTree = "<group>"; };
/* End PBXFileReference section */

/* Begin PBXFrameworksBuildPhase section */
		3F7CA9F316C9B9B300ABDE98 /* Frameworks */ = {
			isa = PBXFrameworksBuildPhase;
			buildActionMask = 2147483647;
			files = (
				3F7CA9FB16C9B9B300ABDE98 /* UIKit.framework in Frameworks */,
				3F7CA9FD16C9B9B300ABDE98 /* Foundation.framework in Frameworks */,
				3F7CA9FF16C9B9B300ABDE98 /* CoreGraphics.framework in Frameworks */,
			);
			runOnlyForDeploymentPostprocessing = 0;
		};
/* End PBXFrameworksBuildPhase section */

/* Begin PBXGroup section */
		3F7CA9EB16C9B9B300ABDE98 = {
			isa = PBXGroup;
			children = (
				3F7CAA0016C9B9B300ABDE98 /* Feb11Test */,
				3F7CA9F916C9B9B300ABDE98 /* Frameworks */,
				3F7CA9F716C9B9B300ABDE98 /* Products */,
			);
			sourceTree = "<group>";
		};
		3F7CA9F716C9B9B300ABDE98 /* Products */ = {
			isa = PBXGroup;
			children = (
				3F7CA9F616C9B9B300ABDE98 /* Feb11Test.app */,
			);
			name = Products;
			sourceTree = "<group>";
		};
		3F7CA9F916C9B9B300ABDE98 /* Frameworks */ = {
			isa = PBXGroup;
			children = (
				3F7CA9FA16C9B9B300ABDE98 /* UIKit.framework */,
				3F7CA9FC16C9B9B300ABDE98 /* Foundation.framework */,
				3F7CA9FE16C9B9B300ABDE98 /* CoreGraphics.framework */,
			);
			name = Frameworks;
			sourceTree = "<group>";
		};
		3F7CAA0016C9B9B300ABDE98 /* Feb11Test */ = {
			isa = PBXGroup;
			children = (
				3F7CAA0916C9B9B300ABDE98 /* Feb11TestAppDelegate.h */,
				3F7CAA0A16C9B9B300ABDE98 /* Feb11TestAppDelegate.m */,
				3F7CAA1216C9B9B300ABDE98 /* Feb11TestViewController.h */,
				3F7CAA1316C9B9B300ABDE98 /* Feb11TestViewController.m */,
				3F7CAA1516C9B9B300ABDE98 /* Feb11TestViewController.xib */,
				3F7CAA0116C9B9B300ABDE98 /* Supporting Files */,
			);
			path = Feb11Test;
			sourceTree = "<group>";
		};
		3F7CAA0116C9B9B300ABDE98 /* Supporting Files */ = {
			isa = PBXGroup;
			children = (
				3F7CAA0216C9B9B300ABDE98 /* Feb11Test-Info.plist */,
				3F7CAA0316C9B9B300ABDE98 /* InfoPlist.strings */,
				3F7CAA0616C9B9B300ABDE98 /* main.m */,
				3F7CAA0816C9B9B300ABDE98 /* Feb11Test-Prefix.pch */,
				3F7CAA0C16C9B9B300ABDE98 /* Default.png */,
				3F7CAA0E16C9B9B300ABDE98 /* Default@2x.png */,
				3F7CAA1016C9B9B300ABDE98 /* Default-568h@2x.png */,
			);
			name = "Supporting Files";
			sourceTree = "<group>";
		};
/* End PBXGroup section */

/* Begin PBXNativeTarget section */
		3F7CA9F516C9B9B300ABDE98 /* Feb11Test */ = {
			isa = PBXNativeTarget;
			buildConfigurationList = 3F7CAA1A16C9B9B300ABDE98 /* Build configuration list for PBXNativeTarget "Feb11Test" */;
			buildPhases = (
				3F7CA9F216C9B9B300ABDE98 /* Sources */,
				3F7CA9F316C9B9B300ABDE98 /* Frameworks */,
				3F7CA9F416C9B9B300ABDE98 /* Resources */,
			);
			buildRules = (
			);
			dependencies = (
			);
			name = Feb11Test;
			productName = Feb11Test;
			productReference = 3F7CA9F616C9B9B300ABDE98 /* Feb11Test.app */;
			productType = "com.apple.product-type.application";
		};
/* End PBXNativeTarget section */

/* Begin PBXProject section */
		3F7CA9ED16C9B9B300ABDE98 /* Project object */ = {
			isa = PBXProject;
			attributes = {
				CLASSPREFIX = Feb11Test;
				LastUpgradeCheck = 0450;
				ORGANIZATIONNAME = wolfeverson;
			};
			buildConfigurationList = 3F7CA9F016C9B9B300ABDE98 /* Build configuration list for PBXProject "Feb11Test" */;
			compatibilityVersion = "Xcode 3.2";
			developmentRegion = English;
			hasScannedForEncodings = 0;
			knownRegions = (
				en,
			);
			mainGroup = 3F7CA9EB16C9B9B300ABDE98;
			productRefGroup = 3F7CA9F716C9B9B300ABDE98 /* Products */;
			projectDirPath = "";
			projectRoot = "";
			targets = (
				3F7CA9F516C9B9B300ABDE98 /* Feb11Test */,
			);
		};
/* End PBXProject section */

/* Begin PBXResourcesBuildPhase section */
		3F7CA9F416C9B9B300ABDE98 /* Resources */ = {
			isa = PBXResourcesBuildPhase;
			buildActionMask = 2147483647;
			files = (
				3F7CAA0516C9B9B300ABDE98 /* InfoPlist.strings in Resources */,
				3F7CAA0D16C9B9B300ABDE98 /* Default.png in Resources */,
				3F7CAA0F16C9B9B300ABDE98 /* Default@2x.png in Resources */,
				3F7CAA1116C9B9B300ABDE98 /* Default-568h@2x.png in Resources */,
				3F7CAA1716C9B9B300ABDE98 /* Feb11TestViewController.xib in Resources */,
			);
			runOnlyForDeploymentPostprocessing = 0;
		};
/* End PBXResourcesBuildPhase section */

/* Begin PBXSourcesBuildPhase section */
		3F7CA9F216C9B9B300ABDE98 /* Sources */ = {
			isa = PBXSourcesBuildPhase;
			buildActionMask = 2147483647;
			files = (
				3F7CAA0716C9B9B300ABDE98 /* main.m in Sources */,
				3F7CAA0B16C9B9B300ABDE98 /* Feb11TestAppDelegate.m in Sources */,
				3F7CAA1416C9B9B300ABDE98 /* Feb11TestViewController.m in Sources */,
			);
			runOnlyForDeploymentPostprocessing = 0;
		};
/* End PBXSourcesBuildPhase section */

/* Begin PBXVariantGroup section */
		3F7CAA0316C9B9B300ABDE98 /* InfoPlist.strings */ = {
			isa = PBXVariantGroup;
			children = (
				3F7CAA0416C9B9B300ABDE98 /* en */,
			);
			name = InfoPlist.strings;
			sourceTree = "<group>";
		};
		3F7CAA1516C9B9B300ABDE98 /* Feb11TestViewController.xib */ = {
			isa = PBXVariantGroup;
			children = (
				3F7CAA1616C9B9B300ABDE98 /* en */,
			);
			name = Feb11TestViewController.xib;
			sourceTree = "<group>";
		};
/* End PBXVariantGroup section */

/* Begin XCBuildConfiguration section */
		3F7CAA1816C9B9B300ABDE98 /* Debug */ = {
			isa = XCBuildConfiguration;
			buildSettings = {
				ALWAYS_SEARCH_USER_PATHS = NO;
				CLANG_CXX_LANGUAGE_STANDARD = "gnu++0x";
				CLANG_CXX_LIBRARY = "libc++";
				CLANG_ENABLE_OBJC_ARC = YES;
				CLANG_WARN_EMPTY_BODY = YES;
				CLANG_WARN__DUPLICATE_METHOD_MATCH = YES;
				"CODE_SIGN_IDENTITY[sdk=iphoneos*]" = "iPhone Developer";
				COPY_PHASE_STRIP = NO;
				GCC_C_LANGUAGE_STANDARD = gnu99;
				GCC_DYNAMIC_NO_PIC = NO;
				GCC_OPTIMIZATION_LEVEL = 0;
				GCC_PREPROCESSOR_DEFINITIONS = (
					"DEBUG=1",
					"$(inherited)",
				);
				GCC_SYMBOLS_PRIVATE_EXTERN = NO;
				GCC_WARN_ABOUT_RETURN_TYPE = YES;
				GCC_WARN_UNINITIALIZED_AUTOS = YES;
				GCC_WARN_UNUSED_VARIABLE = YES;
				IPHONEOS_DEPLOYMENT_TARGET = 6.0;
				ONLY_ACTIVE_ARCH = YES;
				SDKROOT = iphoneos;
			};
			name = Debug;
		};
		3F7CAA1916C9B9B300ABDE98 /* Release */ = {
			isa = XCBuildConfiguration;
			buildSettings = {
				ALWAYS_SEARCH_USER_PATHS = NO;
				CLANG_CXX_LANGUAGE_STANDARD = "gnu++0x";
				CLANG_CXX_LIBRARY = "libc++";
				CLANG_ENABLE_OBJC_ARC = YES;
				CLANG_WARN_EMPTY_BODY = YES;
				CLANG_WARN__DUPLICATE_METHOD_MATCH = YES;
				"CODE_SIGN_IDENTITY[sdk=iphoneos*]" = "iPhone Developer";
				COPY_PHASE_STRIP = YES;
				GCC_C_LANGUAGE_STANDARD = gnu99;
				GCC_WARN_ABOUT_RETURN_TYPE = YES;
				GCC_WARN_UNINITIALIZED_AUTOS = YES;
				GCC_WARN_UNUSED_VARIABLE = YES;
				IPHONEOS_DEPLOYMENT_TARGET = 6.0;
				OTHER_CFLAGS = "-DNS_BLOCK_ASSERTIONS=1";
				SDKROOT = iphoneos;
				VALIDATE_PRODUCT = YES;
			};
			name = Release;
		};
		3F7CAA1B16C9B9B300ABDE98 /* Debug */ = {
			isa = XCBuildConfiguration;
			buildSettings = {
				GCC_PRECOMPILE_PREFIX_HEADER = YES;
				GCC_PREFIX_HEADER = "Feb11Test/Feb11Test-Prefix.pch";
				INFOPLIST_FILE = "Feb11Test/Feb11Test-Info.plist";
				PRODUCT_NAME = "$(TARGET_NAME)";
				WRAPPER_EXTENSION = app;
			};
			name = Debug;
		};
		3F7CAA1C16C9B9B300ABDE98 /* Release */ = {
			isa = XCBuildConfiguration;
			buildSettings = {
				GCC_PRECOMPILE_PREFIX_HEADER = YES;
				GCC_PREFIX_HEADER = "Feb11Test/Feb11Test-Prefix.pch";
				INFOPLIST_FILE = "Feb11Test/Feb11Test-Info.plist";
				PRODUCT_NAME = "$(TARGET_NAME)";
				WRAPPER_EXTENSION = app;
			};
			name = Release;
		};
/* End XCBuildConfiguration section */

/* Begin XCConfigurationList section */
		3F7CA9F016C9B9B300ABDE98 /* Build configuration list for PBXProject "Feb11Test" */ = {
			isa = XCConfigurationList;
			buildConfigurations = (
				3F7CAA1816C9B9B300ABDE98 /* Debug */,
				3F7CAA1916C9B9B300ABDE98 /* Release */,
			);
			defaultConfigurationIsVisible = 0;
			defaultConfigurationName = Release;
		};
		3F7CAA1A16C9B9B300ABDE98 /* Build configuration list for PBXNativeTarget "Feb11Test" */ = {
			isa = XCConfigurationList;
			buildConfigurations = (
				3F7CAA1B16C9B9B300ABDE98 /* Debug */,
				3F7CAA1C16C9B9B300ABDE98 /* Release */,
			);
			defaultConfigurationIsVisible = 0;
		};
/* End XCConfigurationList section */
	};
	rootObject = 3F7CA9ED16C9B9B300ABDE98 /* Project object */;
}
