// !$*UTF8*$!
{
	archiveVersion = 1;
	classes = {
	};
	objectVersion = 46;
	objects = {

/* Begin PBXBuildFile section */
		3FA7DF6E171CC3DB004A59CC /* UIKit.framework in Frameworks */ = {isa = PBXBuildFile; fileRef = 3FA7DF6D171CC3DB004A59CC /* UIKit.framework */; };
		3FA7DF70171CC3DB004A59CC /* Foundation.framework in Frameworks */ = {isa = PBXBuildFile; fileRef = 3FA7DF6F171CC3DB004A59CC /* Foundation.framework */; };
		3FA7DF72171CC3DB004A59CC /* CoreGraphics.framework in Frameworks */ = {isa = PBXBuildFile; fileRef = 3FA7DF71171CC3DB004A59CC /* CoreGraphics.framework */; };
		3FA7DF78171CC3DB004A59CC /* InfoPlist.strings in Resources */ = {isa = PBXBuildFile; fileRef = 3FA7DF76171CC3DB004A59CC /* InfoPlist.strings */; };
		3FA7DF7A171CC3DB004A59CC /* main.m in Sources */ = {isa = PBXBuildFile; fileRef = 3FA7DF79171CC3DB004A59CC /* main.m */; };
		3FA7DF7E171CC3DB004A59CC /* NavigationDemoAppDelegate.m in Sources */ = {isa = PBXBuildFile; fileRef = 3FA7DF7D171CC3DB004A59CC /* NavigationDemoAppDelegate.m */; };
		3FA7DF80171CC3DB004A59CC /* Default.png in Resources */ = {isa = PBXBuildFile; fileRef = 3FA7DF7F171CC3DB004A59CC /* Default.png */; };
		3FA7DF82171CC3DB004A59CC /* Default@2x.png in Resources */ = {isa = PBXBuildFile; fileRef = 3FA7DF81171CC3DB004A59CC /* Default@2x.png */; };
		3FA7DF84171CC3DB004A59CC /* Default-568h@2x.png in Resources */ = {isa = PBXBuildFile; fileRef = 3FA7DF83171CC3DB004A59CC /* Default-568h@2x.png */; };
		3FA7DF8D171CC401004A59CC /* MainViewController.m in Sources */ = {isa = PBXBuildFile; fileRef = 3FA7DF8B171CC401004A59CC /* MainViewController.m */; };
		3FA7DF8E171CC401004A59CC /* MainViewController.xib in Resources */ = {isa = PBXBuildFile; fileRef = 3FA7DF8C171CC401004A59CC /* MainViewController.xib */; };
		3FA7DF92171CC419004A59CC /* WizardViewController.m in Sources */ = {isa = PBXBuildFile; fileRef = 3FA7DF90171CC419004A59CC /* WizardViewController.m */; };
		3FA7DF93171CC419004A59CC /* WizardViewController.xib in Resources */ = {isa = PBXBuildFile; fileRef = 3FA7DF91171CC419004A59CC /* WizardViewController.xib */; };
		3FA7DF97171CC426004A59CC /* ConfigViewController.m in Sources */ = {isa = PBXBuildFile; fileRef = 3FA7DF95171CC426004A59CC /* ConfigViewController.m */; };
		3FA7DF98171CC426004A59CC /* ConfigViewController.xib in Resources */ = {isa = PBXBuildFile; fileRef = 3FA7DF96171CC426004A59CC /* ConfigViewController.xib */; };
		3FA7DF9D171CCAE4004A59CC /* Ba Gua (Feng-Shui-Mirror).gif in Resources */ = {isa = PBXBuildFile; fileRef = 3FA7DF99171CCAE4004A59CC /* Ba Gua (Feng-Shui-Mirror).gif */; };
		3FA7DF9E171CCAE4004A59CC /* Fuurin (Glass Wind Chime).gif in Resources */ = {isa = PBXBuildFile; fileRef = 3FA7DF9A171CCAE4004A59CC /* Fuurin (Glass Wind Chime).gif */; };
		3FA7DFA0171CCAE4004A59CC /* Koi.gif in Resources */ = {isa = PBXBuildFile; fileRef = 3FA7DF9C171CCAE4004A59CC /* Koi.gif */; };
		3FA7DFA2171CCCFA004A59CC /* QuartzCore.framework in Frameworks */ = {isa = PBXBuildFile; fileRef = 3FA7DFA1171CCCFA004A59CC /* QuartzCore.framework */; };
/* End PBXBuildFile section */

/* Begin PBXFileReference section */
		3FA7DF69171CC3DB004A59CC /* NavigationDemo.app */ = {isa = PBXFileReference; explicitFileType = wrapper.application; includeInIndex = 0; path = NavigationDemo.app; sourceTree = BUILT_PRODUCTS_DIR; };
		3FA7DF6D171CC3DB004A59CC /* UIKit.framework */ = {isa = PBXFileReference; lastKnownFileType = wrapper.framework; name = UIKit.framework; path = System/Library/Frameworks/UIKit.framework; sourceTree = SDKROOT; };
		3FA7DF6F171CC3DB004A59CC /* Foundation.framework */ = {isa = PBXFileReference; lastKnownFileType = wrapper.framework; name = Foundation.framework; path = System/Library/Frameworks/Foundation.framework; sourceTree = SDKROOT; };
		3FA7DF71171CC3DB004A59CC /* CoreGraphics.framework */ = {isa = PBXFileReference; lastKnownFileType = wrapper.framework; name = CoreGraphics.framework; path = System/Library/Frameworks/CoreGraphics.framework; sourceTree = SDKROOT; };
		3FA7DF75171CC3DB004A59CC /* NavigationDemo-Info.plist */ = {isa = PBXFileReference; lastKnownFileType = text.plist.xml; path = "NavigationDemo-Info.plist"; sourceTree = "<group>"; };
		3FA7DF77171CC3DB004A59CC /* en */ = {isa = PBXFileReference; lastKnownFileType = text.plist.strings; name = en; path = en.lproj/InfoPlist.strings; sourceTree = "<group>"; };
		3FA7DF79171CC3DB004A59CC /* main.m */ = {isa = PBXFileReference; lastKnownFileType = sourcecode.c.objc; path = main.m; sourceTree = "<group>"; };
		3FA7DF7B171CC3DB004A59CC /* NavigationDemo-Prefix.pch */ = {isa = PBXFileReference; lastKnownFileType = sourcecode.c.h; path = "NavigationDemo-Prefix.pch"; sourceTree = "<group>"; };
		3FA7DF7C171CC3DB004A59CC /* NavigationDemoAppDelegate.h */ = {isa = PBXFileReference; lastKnownFileType = sourcecode.c.h; path = NavigationDemoAppDelegate.h; sourceTree = "<group>"; };
		3FA7DF7D171CC3DB004A59CC /* NavigationDemoAppDelegate.m */ = {isa = PBXFileReference; lastKnownFileType = sourcecode.c.objc; path = NavigationDemoAppDelegate.m; sourceTree = "<group>"; };
		3FA7DF7F171CC3DB004A59CC /* Default.png */ = {isa = PBXFileReference; lastKnownFileType = image.png; path = Default.png; sourceTree = "<group>"; };
		3FA7DF81171CC3DB004A59CC /* Default@2x.png */ = {isa = PBXFileReference; lastKnownFileType = image.png; path = "Default@2x.png"; sourceTree = "<group>"; };
		3FA7DF83171CC3DB004A59CC /* Default-568h@2x.png */ = {isa = PBXFileReference; lastKnownFileType = image.png; path = "Default-568h@2x.png"; sourceTree = "<group>"; };
		3FA7DF8A171CC401004A59CC /* MainViewController.h */ = {isa = PBXFileReference; fileEncoding = 4; lastKnownFileType = sourcecode.c.h; path = MainViewController.h; sourceTree = "<group>"; };
		3FA7DF8B171CC401004A59CC /* MainViewController.m */ = {isa = PBXFileReference; fileEncoding = 4; lastKnownFileType = sourcecode.c.objc; path = MainViewController.m; sourceTree = "<group>"; };
		3FA7DF8C171CC401004A59CC /* MainViewController.xib */ = {isa = PBXFileReference; fileEncoding = 4; lastKnownFileType = file.xib; path = MainViewController.xib; sourceTree = "<group>"; };
		3FA7DF8F171CC419004A59CC /* WizardViewController.h */ = {isa = PBXFileReference; fileEncoding = 4; lastKnownFileType = sourcecode.c.h; path = WizardViewController.h; sourceTree = "<group>"; };
		3FA7DF90171CC419004A59CC /* WizardViewController.m */ = {isa = PBXFileReference; fileEncoding = 4; lastKnownFileType = sourcecode.c.objc; path = WizardViewController.m; sourceTree = "<group>"; };
		3FA7DF91171CC419004A59CC /* WizardViewController.xib */ = {isa = PBXFileReference; fileEncoding = 4; lastKnownFileType = file.xib; path = WizardViewController.xib; sourceTree = "<group>"; };
		3FA7DF94171CC426004A59CC /* ConfigViewController.h */ = {isa = PBXFileReference; fileEncoding = 4; lastKnownFileType = sourcecode.c.h; path = ConfigViewController.h; sourceTree = "<group>"; };
		3FA7DF95171CC426004A59CC /* ConfigViewController.m */ = {isa = PBXFileReference; fileEncoding = 4; lastKnownFileType = sourcecode.c.objc; path = ConfigViewController.m; sourceTree = "<group>"; };
		3FA7DF96171CC426004A59CC /* ConfigViewController.xib */ = {isa = PBXFileReference; fileEncoding = 4; lastKnownFileType = file.xib; path = ConfigViewController.xib; sourceTree = "<group>"; };
		3FA7DF99171CCAE4004A59CC /* Ba Gua (Feng-Shui-Mirror).gif */ = {isa = PBXFileReference; lastKnownFileType = image.gif; path = "Ba Gua (Feng-Shui-Mirror).gif"; sourceTree = "<group>"; };
		3FA7DF9A171CCAE4004A59CC /* Fuurin (Glass Wind Chime).gif */ = {isa = PBXFileReference; lastKnownFileType = image.gif; path = "Fuurin (Glass Wind Chime).gif"; sourceTree = "<group>"; };
		3FA7DF9C171CCAE4004A59CC /* Koi.gif */ = {isa = PBXFileReference; lastKnownFileType = image.gif; path = Koi.gif; sourceTree = "<group>"; };
		3FA7DFA1171CCCFA004A59CC /* QuartzCore.framework */ = {isa = PBXFileReference; lastKnownFileType = wrapper.framework; name = QuartzCore.framework; path = System/Library/Frameworks/QuartzCore.framework; sourceTree = SDKROOT; };
/* End PBXFileReference section */

/* Begin PBXFrameworksBuildPhase section */
		3FA7DF66171CC3DB004A59CC /* Frameworks */ = {
			isa = PBXFrameworksBuildPhase;
			buildActionMask = 2147483647;
			files = (
				3FA7DFA2171CCCFA004A59CC /* QuartzCore.framework in Frameworks */,
				3FA7DF6E171CC3DB004A59CC /* UIKit.framework in Frameworks */,
				3FA7DF70171CC3DB004A59CC /* Foundation.framework in Frameworks */,
				3FA7DF72171CC3DB004A59CC /* CoreGraphics.framework in Frameworks */,
			);
			runOnlyForDeploymentPostprocessing = 0;
		};
/* End PBXFrameworksBuildPhase section */

/* Begin PBXGroup section */
		3FA7DF5E171CC3DB004A59CC = {
			isa = PBXGroup;
			children = (
				3FA7DFA1171CCCFA004A59CC /* QuartzCore.framework */,
				3FA7DF73171CC3DB004A59CC /* NavigationDemo */,
				3FA7DF6C171CC3DB004A59CC /* Frameworks */,
				3FA7DF6A171CC3DB004A59CC /* Products */,
			);
			sourceTree = "<group>";
		};
		3FA7DF6A171CC3DB004A59CC /* Products */ = {
			isa = PBXGroup;
			children = (
				3FA7DF69171CC3DB004A59CC /* NavigationDemo.app */,
			);
			name = Products;
			sourceTree = "<group>";
		};
		3FA7DF6C171CC3DB004A59CC /* Frameworks */ = {
			isa = PBXGroup;
			children = (
				3FA7DF6D171CC3DB004A59CC /* UIKit.framework */,
				3FA7DF6F171CC3DB004A59CC /* Foundation.framework */,
				3FA7DF71171CC3DB004A59CC /* CoreGraphics.framework */,
			);
			name = Frameworks;
			sourceTree = "<group>";
		};
		3FA7DF73171CC3DB004A59CC /* NavigationDemo */ = {
			isa = PBXGroup;
			children = (
				3FA7DF99171CCAE4004A59CC /* Ba Gua (Feng-Shui-Mirror).gif */,
				3FA7DF9A171CCAE4004A59CC /* Fuurin (Glass Wind Chime).gif */,
				3FA7DF9C171CCAE4004A59CC /* Koi.gif */,
				3FA7DF7C171CC3DB004A59CC /* NavigationDemoAppDelegate.h */,
				3FA7DF7D171CC3DB004A59CC /* NavigationDemoAppDelegate.m */,
				3FA7DF8A171CC401004A59CC /* MainViewController.h */,
				3FA7DF8B171CC401004A59CC /* MainViewController.m */,
				3FA7DF8C171CC401004A59CC /* MainViewController.xib */,
				3FA7DF8F171CC419004A59CC /* WizardViewController.h */,
				3FA7DF90171CC419004A59CC /* WizardViewController.m */,
				3FA7DF91171CC419004A59CC /* WizardViewController.xib */,
				3FA7DF94171CC426004A59CC /* ConfigViewController.h */,
				3FA7DF95171CC426004A59CC /* ConfigViewController.m */,
				3FA7DF96171CC426004A59CC /* ConfigViewController.xib */,
				3FA7DF74171CC3DB004A59CC /* Supporting Files */,
			);
			path = NavigationDemo;
			sourceTree = "<group>";
		};
		3FA7DF74171CC3DB004A59CC /* Supporting Files */ = {
			isa = PBXGroup;
			children = (
				3FA7DF75171CC3DB004A59CC /* NavigationDemo-Info.plist */,
				3FA7DF76171CC3DB004A59CC /* InfoPlist.strings */,
				3FA7DF79171CC3DB004A59CC /* main.m */,
				3FA7DF7B171CC3DB004A59CC /* NavigationDemo-Prefix.pch */,
				3FA7DF7F171CC3DB004A59CC /* Default.png */,
				3FA7DF81171CC3DB004A59CC /* Default@2x.png */,
				3FA7DF83171CC3DB004A59CC /* Default-568h@2x.png */,
			);
			name = "Supporting Files";
			sourceTree = "<group>";
		};
/* End PBXGroup section */

/* Begin PBXNativeTarget section */
		3FA7DF68171CC3DB004A59CC /* NavigationDemo */ = {
			isa = PBXNativeTarget;
			buildConfigurationList = 3FA7DF87171CC3DB004A59CC /* Build configuration list for PBXNativeTarget "NavigationDemo" */;
			buildPhases = (
				3FA7DF65171CC3DB004A59CC /* Sources */,
				3FA7DF66171CC3DB004A59CC /* Frameworks */,
				3FA7DF67171CC3DB004A59CC /* Resources */,
			);
			buildRules = (
			);
			dependencies = (
			);
			name = NavigationDemo;
			productName = NavigationDemo;
			productReference = 3FA7DF69171CC3DB004A59CC /* NavigationDemo.app */;
			productType = "com.apple.product-type.application";
		};
/* End PBXNativeTarget section */

/* Begin PBXProject section */
		3FA7DF60171CC3DB004A59CC /* Project object */ = {
			isa = PBXProject;
			attributes = {
				CLASSPREFIX = NavigationDemo;
				LastUpgradeCheck = 0450;
				ORGANIZATIONNAME = edu.fvtc;
			};
			buildConfigurationList = 3FA7DF63171CC3DB004A59CC /* Build configuration list for PBXProject "NavigationDemo" */;
			compatibilityVersion = "Xcode 3.2";
			developmentRegion = English;
			hasScannedForEncodings = 0;
			knownRegions = (
				en,
			);
			mainGroup = 3FA7DF5E171CC3DB004A59CC;
			productRefGroup = 3FA7DF6A171CC3DB004A59CC /* Products */;
			projectDirPath = "";
			projectRoot = "";
			targets = (
				3FA7DF68171CC3DB004A59CC /* NavigationDemo */,
			);
		};
/* End PBXProject section */

/* Begin PBXResourcesBuildPhase section */
		3FA7DF67171CC3DB004A59CC /* Resources */ = {
			isa = PBXResourcesBuildPhase;
			buildActionMask = 2147483647;
			files = (
				3FA7DF78171CC3DB004A59CC /* InfoPlist.strings in Resources */,
				3FA7DF80171CC3DB004A59CC /* Default.png in Resources */,
				3FA7DF82171CC3DB004A59CC /* Default@2x.png in Resources */,
				3FA7DF84171CC3DB004A59CC /* Default-568h@2x.png in Resources */,
				3FA7DF8E171CC401004A59CC /* MainViewController.xib in Resources */,
				3FA7DF93171CC419004A59CC /* WizardViewController.xib in Resources */,
				3FA7DF98171CC426004A59CC /* ConfigViewController.xib in Resources */,
				3FA7DF9D171CCAE4004A59CC /* Ba Gua (Feng-Shui-Mirror).gif in Resources */,
				3FA7DF9E171CCAE4004A59CC /* Fuurin (Glass Wind Chime).gif in Resources */,
				3FA7DFA0171CCAE4004A59CC /* Koi.gif in Resources */,
			);
			runOnlyForDeploymentPostprocessing = 0;
		};
/* End PBXResourcesBuildPhase section */

/* Begin PBXSourcesBuildPhase section */
		3FA7DF65171CC3DB004A59CC /* Sources */ = {
			isa = PBXSourcesBuildPhase;
			buildActionMask = 2147483647;
			files = (
				3FA7DF7A171CC3DB004A59CC /* main.m in Sources */,
				3FA7DF7E171CC3DB004A59CC /* NavigationDemoAppDelegate.m in Sources */,
				3FA7DF8D171CC401004A59CC /* MainViewController.m in Sources */,
				3FA7DF92171CC419004A59CC /* WizardViewController.m in Sources */,
				3FA7DF97171CC426004A59CC /* ConfigViewController.m in Sources */,
			);
			runOnlyForDeploymentPostprocessing = 0;
		};
/* End PBXSourcesBuildPhase section */

/* Begin PBXVariantGroup section */
		3FA7DF76171CC3DB004A59CC /* InfoPlist.strings */ = {
			isa = PBXVariantGroup;
			children = (
				3FA7DF77171CC3DB004A59CC /* en */,
			);
			name = InfoPlist.strings;
			sourceTree = "<group>";
		};
/* End PBXVariantGroup section */

/* Begin XCBuildConfiguration section */
		3FA7DF85171CC3DB004A59CC /* Debug */ = {
			isa = XCBuildConfiguration;
			buildSettings = {
				ALWAYS_SEARCH_USER_PATHS = NO;
				CLANG_CXX_LANGUAGE_STANDARD = "gnu++0x";
				CLANG_CXX_LIBRARY = "libc++";
				CLANG_ENABLE_OBJC_ARC = YES;
				CLANG_WARN_EMPTY_BODY = YES;
				CLANG_WARN__DUPLICATE_METHOD_MATCH = YES;
				"CODE_SIGN_IDENTITY[sdk=iphoneos*]" = "iPhone Developer";
				COPY_PHASE_STRIP = NO;
				GCC_C_LANGUAGE_STANDARD = gnu99;
				GCC_DYNAMIC_NO_PIC = NO;
				GCC_OPTIMIZATION_LEVEL = 0;
				GCC_PREPROCESSOR_DEFINITIONS = (
					"DEBUG=1",
					"$(inherited)",
				);
				GCC_SYMBOLS_PRIVATE_EXTERN = NO;
				GCC_WARN_ABOUT_RETURN_TYPE = YES;
				GCC_WARN_UNINITIALIZED_AUTOS = YES;
				GCC_WARN_UNUSED_VARIABLE = YES;
				IPHONEOS_DEPLOYMENT_TARGET = 6.0;
				ONLY_ACTIVE_ARCH = YES;
				SDKROOT = iphoneos;
				TARGETED_DEVICE_FAMILY = "1,2";
			};
			name = Debug;
		};
		3FA7DF86171CC3DB004A59CC /* Release */ = {
			isa = XCBuildConfiguration;
			buildSettings = {
				ALWAYS_SEARCH_USER_PATHS = NO;
				CLANG_CXX_LANGUAGE_STANDARD = "gnu++0x";
				CLANG_CXX_LIBRARY = "libc++";
				CLANG_ENABLE_OBJC_ARC = YES;
				CLANG_WARN_EMPTY_BODY = YES;
				CLANG_WARN__DUPLICATE_METHOD_MATCH = YES;
				"CODE_SIGN_IDENTITY[sdk=iphoneos*]" = "iPhone Developer";
				COPY_PHASE_STRIP = YES;
				GCC_C_LANGUAGE_STANDARD = gnu99;
				GCC_WARN_ABOUT_RETURN_TYPE = YES;
				GCC_WARN_UNINITIALIZED_AUTOS = YES;
				GCC_WARN_UNUSED_VARIABLE = YES;
				IPHONEOS_DEPLOYMENT_TARGET = 6.0;
				OTHER_CFLAGS = "-DNS_BLOCK_ASSERTIONS=1";
				SDKROOT = iphoneos;
				TARGETED_DEVICE_FAMILY = "1,2";
				VALIDATE_PRODUCT = YES;
			};
			name = Release;
		};
		3FA7DF88171CC3DB004A59CC /* Debug */ = {
			isa = XCBuildConfiguration;
			buildSettings = {
				GCC_PRECOMPILE_PREFIX_HEADER = YES;
				GCC_PREFIX_HEADER = "NavigationDemo/NavigationDemo-Prefix.pch";
				INFOPLIST_FILE = "NavigationDemo/NavigationDemo-Info.plist";
				PRODUCT_NAME = "$(TARGET_NAME)";
				TARGETED_DEVICE_FAMILY = 1;
				WRAPPER_EXTENSION = app;
			};
			name = Debug;
		};
		3FA7DF89171CC3DB004A59CC /* Release */ = {
			isa = XCBuildConfiguration;
			buildSettings = {
				GCC_PRECOMPILE_PREFIX_HEADER = YES;
				GCC_PREFIX_HEADER = "NavigationDemo/NavigationDemo-Prefix.pch";
				INFOPLIST_FILE = "NavigationDemo/NavigationDemo-Info.plist";
				PRODUCT_NAME = "$(TARGET_NAME)";
				TARGETED_DEVICE_FAMILY = 1;
				WRAPPER_EXTENSION = app;
			};
			name = Release;
		};
/* End XCBuildConfiguration section */

/* Begin XCConfigurationList section */
		3FA7DF63171CC3DB004A59CC /* Build configuration list for PBXProject "NavigationDemo" */ = {
			isa = XCConfigurationList;
			buildConfigurations = (
				3FA7DF85171CC3DB004A59CC /* Debug */,
				3FA7DF86171CC3DB004A59CC /* Release */,
			);
			defaultConfigurationIsVisible = 0;
			defaultConfigurationName = Release;
		};
		3FA7DF87171CC3DB004A59CC /* Build configuration list for PBXNativeTarget "NavigationDemo" */ = {
			isa = XCConfigurationList;
			buildConfigurations = (
				3FA7DF88171CC3DB004A59CC /* Debug */,
				3FA7DF89171CC3DB004A59CC /* Release */,
			);
			defaultConfigurationIsVisible = 0;
		};
/* End XCConfigurationList section */
	};
	rootObject = 3FA7DF60171CC3DB004A59CC /* Project object */;
}
